// !$*UTF8*$!
{
	archiveVersion = 1;
	classes = {
	};
	objectVersion = 46;
	objects = {

/* Begin PBXBuildFile section */
		42D9C74E1F4F36FE0042A2ED /* AppDelegate.swift in Sources */ = {isa = PBXBuildFile; fileRef = 42D9C74D1F4F36FE0042A2ED /* AppDelegate.swift */; };
		42D9C7501F4F36FE0042A2ED /* ViewController.swift in Sources */ = {isa = PBXBuildFile; fileRef = 42D9C74F1F4F36FE0042A2ED /* ViewController.swift */; };
		42D9C7531F4F36FE0042A2ED /* Main.storyboard in Resources */ = {isa = PBXBuildFile; fileRef = 42D9C7511F4F36FE0042A2ED /* Main.storyboard */; };
		42D9C7551F4F36FE0042A2ED /* Assets.xcassets in Resources */ = {isa = PBXBuildFile; fileRef = 42D9C7541F4F36FE0042A2ED /* Assets.xcassets */; };
		42D9C7581F4F36FE0042A2ED /* LaunchScreen.storyboard in Resources */ = {isa = PBXBuildFile; fileRef = 42D9C7561F4F36FE0042A2ED /* LaunchScreen.storyboard */; };
		42D9C7601F4F3AAF0042A2ED /* LaunchScreenViewController.swift in Sources */ = {isa = PBXBuildFile; fileRef = 42D9C75F1F4F3AAF0042A2ED /* LaunchScreenViewController.swift */; };
		42D9C7621F4F6AF10042A2ED /* PenguProfileViewController.swift in Sources */ = {isa = PBXBuildFile; fileRef = 42D9C7611F4F6AF10042A2ED /* PenguProfileViewController.swift */; };
		42D9C7641F4F743B0042A2ED /* CampaignMapViewController.swift in Sources */ = {isa = PBXBuildFile; fileRef = 42D9C7631F4F743B0042A2ED /* CampaignMapViewController.swift */; };
		42D9C7661F4F86340042A2ED /* PenguViewController.swift in Sources */ = {isa = PBXBuildFile; fileRef = 42D9C7651F4F86340042A2ED /* PenguViewController.swift */; };
		42D9C7681F509F240042A2ED /* mona_shark in Resources */ = {isa = PBXBuildFile; fileRef = 42D9C7671F509F240042A2ED /* mona_shark */; };
		42D9C76A1F509F960042A2ED /* Mona Shark.otf in Resources */ = {isa = PBXBuildFile; fileRef = 42D9C7691F509F960042A2ED /* Mona Shark.otf */; };
		42D9C76C1F50A1F70042A2ED /* badaboom in Resources */ = {isa = PBXBuildFile; fileRef = 42D9C76B1F50A1F70042A2ED /* badaboom */; };
		42D9C76E1F50A24F0042A2ED /* BADABB__.TTF in Resources */ = {isa = PBXBuildFile; fileRef = 42D9C76D1F50A24F0042A2ED /* BADABB__.TTF */; };
/* End PBXBuildFile section */

/* Begin PBXFileReference section */
		42D9C74A1F4F36FE0042A2ED /* PenguinPuzzle.app */ = {isa = PBXFileReference; explicitFileType = wrapper.application; includeInIndex = 0; path = PenguinPuzzle.app; sourceTree = BUILT_PRODUCTS_DIR; };
		42D9C74D1F4F36FE0042A2ED /* AppDelegate.swift */ = {isa = PBXFileReference; lastKnownFileType = sourcecode.swift; path = AppDelegate.swift; sourceTree = "<group>"; };
		42D9C74F1F4F36FE0042A2ED /* ViewController.swift */ = {isa = PBXFileReference; lastKnownFileType = sourcecode.swift; path = ViewController.swift; sourceTree = "<group>"; };
		42D9C7521F4F36FE0042A2ED /* Base */ = {isa = PBXFileReference; lastKnownFileType = file.storyboard; name = Base; path = Base.lproj/Main.storyboard; sourceTree = "<group>"; };
		42D9C7541F4F36FE0042A2ED /* Assets.xcassets */ = {isa = PBXFileReference; lastKnownFileType = folder.assetcatalog; path = Assets.xcassets; sourceTree = "<group>"; };
		42D9C7571F4F36FE0042A2ED /* Base */ = {isa = PBXFileReference; lastKnownFileType = file.storyboard; name = Base; path = Base.lproj/LaunchScreen.storyboard; sourceTree = "<group>"; };
		42D9C7591F4F36FE0042A2ED /* Info.plist */ = {isa = PBXFileReference; lastKnownFileType = text.plist.xml; path = Info.plist; sourceTree = "<group>"; };
		42D9C75F1F4F3AAF0042A2ED /* LaunchScreenViewController.swift */ = {isa = PBXFileReference; fileEncoding = 4; lastKnownFileType = sourcecode.swift; path = LaunchScreenViewController.swift; sourceTree = "<group>"; };
		42D9C7611F4F6AF10042A2ED /* PenguProfileViewController.swift */ = {isa = PBXFileReference; fileEncoding = 4; lastKnownFileType = sourcecode.swift; path = PenguProfileViewController.swift; sourceTree = "<group>"; };
		42D9C7631F4F743B0042A2ED /* CampaignMapViewController.swift */ = {isa = PBXFileReference; fileEncoding = 4; lastKnownFileType = sourcecode.swift; path = CampaignMapViewController.swift; sourceTree = "<group>"; };
		42D9C7651F4F86340042A2ED /* PenguViewController.swift */ = {isa = PBXFileReference; fileEncoding = 4; lastKnownFileType = sourcecode.swift; path = PenguViewController.swift; sourceTree = "<group>"; };
		42D9C7671F509F240042A2ED /* mona_shark */ = {isa = PBXFileReference; lastKnownFileType = folder; name = mona_shark; path = ../mona_shark; sourceTree = "<group>"; };
		42D9C7691F509F960042A2ED /* Mona Shark.otf */ = {isa = PBXFileReference; lastKnownFileType = file; path = "Mona Shark.otf"; sourceTree = "<group>"; };
		42D9C76B1F50A1F70042A2ED /* badaboom */ = {isa = PBXFileReference; lastKnownFileType = folder; path = badaboom; sourceTree = "<group>"; };
		42D9C76D1F50A24F0042A2ED /* BADABB__.TTF */ = {isa = PBXFileReference; lastKnownFileType = file; path = BADABB__.TTF; sourceTree = "<group>"; };
/* End PBXFileReference section */

/* Begin PBXFrameworksBuildPhase section */
		42D9C7471F4F36FE0042A2ED /* Frameworks */ = {
			isa = PBXFrameworksBuildPhase;
			buildActionMask = 2147483647;
			files = (
			);
			runOnlyForDeploymentPostprocessing = 0;
		};
/* End PBXFrameworksBuildPhase section */

/* Begin PBXGroup section */
		42D9C7411F4F36FE0042A2ED = {
			isa = PBXGroup;
			children = (
				42D9C76D1F50A24F0042A2ED /* BADABB__.TTF */,
				42D9C7691F509F960042A2ED /* Mona Shark.otf */,
				42D9C74C1F4F36FE0042A2ED /* PenguinPuzzle */,
				42D9C74B1F4F36FE0042A2ED /* Products */,
			);
			sourceTree = "<group>";
		};
		42D9C74B1F4F36FE0042A2ED /* Products */ = {
			isa = PBXGroup;
			children = (
				42D9C74A1F4F36FE0042A2ED /* PenguinPuzzle.app */,
			);
			name = Products;
			sourceTree = "<group>";
		};
		42D9C74C1F4F36FE0042A2ED /* PenguinPuzzle */ = {
			isa = PBXGroup;
			children = (
				42D9C76B1F50A1F70042A2ED /* badaboom */,
				42D9C7671F509F240042A2ED /* mona_shark */,
				42D9C74D1F4F36FE0042A2ED /* AppDelegate.swift */,
				42D9C74F1F4F36FE0042A2ED /* ViewController.swift */,
				42D9C7511F4F36FE0042A2ED /* Main.storyboard */,
				42D9C7651F4F86340042A2ED /* PenguViewController.swift */,
				42D9C7631F4F743B0042A2ED /* CampaignMapViewController.swift */,
				42D9C7611F4F6AF10042A2ED /* PenguProfileViewController.swift */,
				42D9C75F1F4F3AAF0042A2ED /* LaunchScreenViewController.swift */,
				42D9C7541F4F36FE0042A2ED /* Assets.xcassets */,
				42D9C7561F4F36FE0042A2ED /* LaunchScreen.storyboard */,
				42D9C7591F4F36FE0042A2ED /* Info.plist */,
			);
			path = PenguinPuzzle;
			sourceTree = "<group>";
		};
/* End PBXGroup section */

/* Begin PBXNativeTarget section */
		42D9C7491F4F36FE0042A2ED /* PenguinPuzzle */ = {
			isa = PBXNativeTarget;
			buildConfigurationList = 42D9C75C1F4F36FE0042A2ED /* Build configuration list for PBXNativeTarget "PenguinPuzzle" */;
			buildPhases = (
				42D9C7461F4F36FE0042A2ED /* Sources */,
				42D9C7471F4F36FE0042A2ED /* Frameworks */,
				42D9C7481F4F36FE0042A2ED /* Resources */,
			);
			buildRules = (
			);
			dependencies = (
			);
			name = PenguinPuzzle;
			productName = PenguinPuzzle;
			productReference = 42D9C74A1F4F36FE0042A2ED /* PenguinPuzzle.app */;
			productType = "com.apple.product-type.application";
		};
/* End PBXNativeTarget section */

/* Begin PBXProject section */
		42D9C7421F4F36FE0042A2ED /* Project object */ = {
			isa = PBXProject;
			attributes = {
				LastSwiftUpdateCheck = 0830;
				LastUpgradeCheck = 0830;
				ORGANIZATIONNAME = "Eric Chung";
				TargetAttributes = {
					42D9C7491F4F36FE0042A2ED = {
						CreatedOnToolsVersion = 8.3.3;
						DevelopmentTeam = 4X5DNG2G5P;
						ProvisioningStyle = Automatic;
					};
				};
			};
			buildConfigurationList = 42D9C7451F4F36FE0042A2ED /* Build configuration list for PBXProject "PenguinPuzzle" */;
			compatibilityVersion = "Xcode 3.2";
			developmentRegion = English;
			hasScannedForEncodings = 0;
			knownRegions = (
				en,
				Base,
			);
			mainGroup = 42D9C7411F4F36FE0042A2ED;
			productRefGroup = 42D9C74B1F4F36FE0042A2ED /* Products */;
			projectDirPath = "";
			projectRoot = "";
			targets = (
				42D9C7491F4F36FE0042A2ED /* PenguinPuzzle */,
			);
		};
/* End PBXProject section */

/* Begin PBXResourcesBuildPhase section */
		42D9C7481F4F36FE0042A2ED /* Resources */ = {
			isa = PBXResourcesBuildPhase;
			buildActionMask = 2147483647;
			files = (
				42D9C7581F4F36FE0042A2ED /* LaunchScreen.storyboard in Resources */,
				42D9C7681F509F240042A2ED /* mona_shark in Resources */,
				42D9C7551F4F36FE0042A2ED /* Assets.xcassets in Resources */,
				42D9C7531F4F36FE0042A2ED /* Main.storyboard in Resources */,
				42D9C76A1F509F960042A2ED /* Mona Shark.otf in Resources */,
				42D9C76C1F50A1F70042A2ED /* badaboom in Resources */,
				42D9C76E1F50A24F0042A2ED /* BADABB__.TTF in Resources */,
			);
			runOnlyForDeploymentPostprocessing = 0;
		};
/* End PBXResourcesBuildPhase section */

/* Begin PBXSourcesBuildPhase section */
		42D9C7461F4F36FE0042A2ED /* Sources */ = {
			isa = PBXSourcesBuildPhase;
			buildActionMask = 2147483647;
			files = (
				42D9C7621F4F6AF10042A2ED /* PenguProfileViewController.swift in Sources */,
				42D9C7501F4F36FE0042A2ED /* ViewController.swift in Sources */,
				42D9C7601F4F3AAF0042A2ED /* LaunchScreenViewController.swift in Sources */,
				42D9C7641F4F743B0042A2ED /* CampaignMapViewController.swift in Sources */,
				42D9C7661F4F86340042A2ED /* PenguViewController.swift in Sources */,
				42D9C74E1F4F36FE0042A2ED /* AppDelegate.swift in Sources */,
			);
			runOnlyForDeploymentPostprocessing = 0;
		};
/* End PBXSourcesBuildPhase section */

/* Begin PBXVariantGroup section */
		42D9C7511F4F36FE0042A2ED /* Main.storyboard */ = {
			isa = PBXVariantGroup;
			children = (
				42D9C7521F4F36FE0042A2ED /* Base */,
			);
			name = Main.storyboard;
			sourceTree = "<group>";
		};
		42D9C7561F4F36FE0042A2ED /* LaunchScreen.storyboard */ = {
			isa = PBXVariantGroup;
			children = (
				42D9C7571F4F36FE0042A2ED /* Base */,
			);
			name = LaunchScreen.storyboard;
			sourceTree = "<group>";
		};
/* End PBXVariantGroup section */

/* Begin XCBuildConfiguration section */
		42D9C75A1F4F36FE0042A2ED /* Debug */ = {
			isa = XCBuildConfiguration;
			buildSettings = {
				ALWAYS_SEARCH_USER_PATHS = NO;
				CLANG_ANALYZER_NONNULL = YES;
				CLANG_ANALYZER_NUMBER_OBJECT_CONVERSION = YES_AGGRESSIVE;
				CLANG_CXX_LANGUAGE_STANDARD = "gnu++0x";
				CLANG_CXX_LIBRARY = "libc++";
				CLANG_ENABLE_MODULES = YES;
				CLANG_ENABLE_OBJC_ARC = YES;
				CLANG_WARN_BOOL_CONVERSION = YES;
				CLANG_WARN_CONSTANT_CONVERSION = YES;
				CLANG_WARN_DIRECT_OBJC_ISA_USAGE = YES_ERROR;
				CLANG_WARN_DOCUMENTATION_COMMENTS = YES;
				CLANG_WARN_EMPTY_BODY = YES;
				CLANG_WARN_ENUM_CONVERSION = YES;
				CLANG_WARN_INFINITE_RECURSION = YES;
				CLANG_WARN_INT_CONVERSION = YES;
				CLANG_WARN_OBJC_ROOT_CLASS = YES_ERROR;
				CLANG_WARN_SUSPICIOUS_MOVE = YES;
				CLANG_WARN_UNREACHABLE_CODE = YES;
				CLANG_WARN__DUPLICATE_METHOD_MATCH = YES;
				"CODE_SIGN_IDENTITY[sdk=iphoneos*]" = "iPhone Developer";
				COPY_PHASE_STRIP = NO;
				DEBUG_INFORMATION_FORMAT = dwarf;
				ENABLE_STRICT_OBJC_MSGSEND = YES;
				ENABLE_TESTABILITY = YES;
				GCC_C_LANGUAGE_STANDARD = gnu99;
				GCC_DYNAMIC_NO_PIC = NO;
				GCC_NO_COMMON_BLOCKS = YES;
				GCC_OPTIMIZATION_LEVEL = 0;
				GCC_PREPROCESSOR_DEFINITIONS = (
					"DEBUG=1",
					"$(inherited)",
				);
				GCC_WARN_64_TO_32_BIT_CONVERSION = YES;
				GCC_WARN_ABOUT_RETURN_TYPE = YES_ERROR;
				GCC_WARN_UNDECLARED_SELECTOR = YES;
				GCC_WARN_UNINITIALIZED_AUTOS = YES_AGGRESSIVE;
				GCC_WARN_UNUSED_FUNCTION = YES;
				GCC_WARN_UNUSED_VARIABLE = YES;
				IPHONEOS_DEPLOYMENT_TARGET = 10.3;
				MTL_ENABLE_DEBUG_INFO = YES;
				ONLY_ACTIVE_ARCH = YES;
				SDKROOT = iphoneos;
				SWIFT_ACTIVE_COMPILATION_CONDITIONS = DEBUG;
				SWIFT_OPTIMIZATION_LEVEL = "-Onone";
			};
			name = Debug;
		};
		42D9C75B1F4F36FE0042A2ED /* Release */ = {
			isa = XCBuildConfiguration;
			buildSettings = {
				ALWAYS_SEARCH_USER_PATHS = NO;
				CLANG_ANALYZER_NONNULL = YES;
				CLANG_ANALYZER_NUMBER_OBJECT_CONVERSION = YES_AGGRESSIVE;
				CLANG_CXX_LANGUAGE_STANDARD = "gnu++0x";
				CLANG_CXX_LIBRARY = "libc++";
				CLANG_ENABLE_MODULES = YES;
				CLANG_ENABLE_OBJC_ARC = YES;
				CLANG_WARN_BOOL_CONVERSION = YES;
				CLANG_WARN_CONSTANT_CONVERSION = YES;
				CLANG_WARN_DIRECT_OBJC_ISA_USAGE = YES_ERROR;
				CLANG_WARN_DOCUMENTATION_COMMENTS = YES;
				CLANG_WARN_EMPTY_BODY = YES;
				CLANG_WARN_ENUM_CONVERSION = YES;
				CLANG_WARN_INFINITE_RECURSION = YES;
				CLANG_WARN_INT_CONVERSION = YES;
				CLANG_WARN_OBJC_ROOT_CLASS = YES_ERROR;
				CLANG_WARN_SUSPICIOUS_MOVE = YES;
				CLANG_WARN_UNREACHABLE_CODE = YES;
				CLANG_WARN__DUPLICATE_METHOD_MATCH = YES;
				"CODE_SIGN_IDENTITY[sdk=iphoneos*]" = "iPhone Developer";
				COPY_PHASE_STRIP = NO;
				DEBUG_INFORMATION_FORMAT = "dwarf-with-dsym";
				ENABLE_NS_ASSERTIONS = NO;
				ENABLE_STRICT_OBJC_MSGSEND = YES;
				GCC_C_LANGUAGE_STANDARD = gnu99;
				GCC_NO_COMMON_BLOCKS = YES;
				GCC_WARN_64_TO_32_BIT_CONVERSION = YES;
				GCC_WARN_ABOUT_RETURN_TYPE = YES_ERROR;
				GCC_WARN_UNDECLARED_SELECTOR = YES;
				GCC_WARN_UNINITIALIZED_AUTOS = YES_AGGRESSIVE;
				GCC_WARN_UNUSED_FUNCTION = YES;
				GCC_WARN_UNUSED_VARIABLE = YES;
				IPHONEOS_DEPLOYMENT_TARGET = 10.3;
				MTL_ENABLE_DEBUG_INFO = NO;
				SDKROOT = iphoneos;
				SWIFT_OPTIMIZATION_LEVEL = "-Owholemodule";
				VALIDATE_PRODUCT = YES;
			};
			name = Release;
		};
		42D9C75D1F4F36FE0042A2ED /* Debug */ = {
			isa = XCBuildConfiguration;
			buildSettings = {
				ASSETCATALOG_COMPILER_APPICON_NAME = AppIcon;
				DEVELOPMENT_TEAM = 4X5DNG2G5P;
				INFOPLIST_FILE = PenguinPuzzle/Info.plist;
				LD_RUNPATH_SEARCH_PATHS = "$(inherited) @executable_path/Frameworks";
				PRODUCT_BUNDLE_IDENTIFIER = io.github.ericchung93.PenguinPuzzle;
				PRODUCT_NAME = "$(TARGET_NAME)";
				SWIFT_VERSION = 3.0;
			};
			name = Debug;
		};
		42D9C75E1F4F36FE0042A2ED /* Release */ = {
			isa = XCBuildConfiguration;
			buildSettings = {
				ASSETCATALOG_COMPILER_APPICON_NAME = AppIcon;
				DEVELOPMENT_TEAM = 4X5DNG2G5P;
				INFOPLIST_FILE = PenguinPuzzle/Info.plist;
				LD_RUNPATH_SEARCH_PATHS = "$(inherited) @executable_path/Frameworks";
				PRODUCT_BUNDLE_IDENTIFIER = io.github.ericchung93.PenguinPuzzle;
				PRODUCT_NAME = "$(TARGET_NAME)";
				SWIFT_VERSION = 3.0;
			};
			name = Release;
		};
/* End XCBuildConfiguration section */

/* Begin XCConfigurationList section */
		42D9C7451F4F36FE0042A2ED /* Build configuration list for PBXProject "PenguinPuzzle" */ = {
			isa = XCConfigurationList;
			buildConfigurations = (
				42D9C75A1F4F36FE0042A2ED /* Debug */,
				42D9C75B1F4F36FE0042A2ED /* Release */,
			);
			defaultConfigurationIsVisible = 0;
			defaultConfigurationName = Release;
		};
		42D9C75C1F4F36FE0042A2ED /* Build configuration list for PBXNativeTarget "PenguinPuzzle" */ = {
			isa = XCConfigurationList;
			buildConfigurations = (
				42D9C75D1F4F36FE0042A2ED /* Debug */,
				42D9C75E1F4F36FE0042A2ED /* Release */,
			);
			defaultConfigurationIsVisible = 0;
			defaultConfigurationName = Release;
		};
/* End XCConfigurationList section */
	};
	rootObject = 42D9C7421F4F36FE0042A2ED /* Project object */;
}
